
Microsoft Visual Studio Solution File, Format Version 12.00
# Visual Studio Version 17
VisualStudioVersion = 17.14.36518.9 d17.14
MinimumVisualStudioVersion = 10.0.40219.1
Project("{8BC9CEB8-8B4A-11D0-8D11-00A0C91BC942}") = "InjectedDll", "InjectedDll\InjectedDll.vcxproj", "{05F692F3-3902-4CAE-8A83-83D4C9870FEB}"
EndProject
Project("{8BC9CEB8-8B4A-11D0-8D11-00A0C91BC942}") = "Launcher", "Launcher\Launcher.vcxproj", "{E44FD2D9-7385-4AB3-9E48-019B3F54291A}"
EndProject
Global
	GlobalSection(SolutionConfigurationPlatforms) = preSolution
		Debug|x64 = Debug|x64
		Debug|x86 = Debug|x86
		Release|x64 = Release|x64
		Release|x86 = Release|x86
	EndGlobalSection
	GlobalSection(ProjectConfigurationPlatforms) = postSolution
		{05F692F3-3902-4CAE-8A83-83D4C9870FEB}.Debug|x64.ActiveCfg = Debug|x64
		{05F692F3-3902-4CAE-8A83-83D4C9870FEB}.Debug|x64.Build.0 = Debug|x64
		{05F692F3-3902-4CAE-8A83-83D4C9870FEB}.Debug|x86.ActiveCfg = Debug|Win32
		{05F692F3-3902-4CAE-8A83-83D4C9870FEB}.Debug|x86.Build.0 = Debug|Win32
		{05F692F3-3902-4CAE-8A83-83D4C9870FEB}.Release|x64.ActiveCfg = Release|x64
		{05F692F3-3902-4CAE-8A83-83D4C9870FEB}.Release|x64.Build.0 = Release|x64
		{05F692F3-3902-4CAE-8A83-83D4C9870FEB}.Release|x86.ActiveCfg = Release|Win32
		{05F692F3-3902-4CAE-8A83-83D4C9870FEB}.Release|x86.Build.0 = Release|Win32
		{E44FD2D9-7385-4AB3-9E48-019B3F54291A}.Debug|x64.ActiveCfg = Debug|x64
		{E44FD2D9-7385-4AB3-9E48-019B3F54291A}.Debug|x64.Build.0 = Debug|x64
		{E44FD2D9-7385-4AB3-9E48-019B3F54291A}.Debug|x86.ActiveCfg = Debug|Win32
		{E44FD2D9-7385-4AB3-9E48-019B3F54291A}.Debug|x86.Build.0 = Debug|Win32
		{E44FD2D9-7385-4AB3-9E48-019B3F54291A}.Release|x64.ActiveCfg = Release|x64
		{E44FD2D9-7385-4AB3-9E48-019B3F54291A}.Release|x64.Build.0 = Release|x64
		{E44FD2D9-7385-4AB3-9E48-019B3F54291A}.Release|x86.ActiveCfg = Release|Win32
		{E44FD2D9-7385-4AB3-9E48-019B3F54291A}.Release|x86.Build.0 = Release|Win32
	EndGlobalSection
	GlobalSection(SolutionProperties) = preSolution
		HideSolutionNode = FALSE
	EndGlobalSection
	GlobalSection(ExtensibilityGlobals) = postSolution
		SolutionGuid = {A7D7BA09-6D8C-4121-9896-8BE8EFDD4A2D}
	EndGlobalSection
EndGlobal
